// !$*UTF8*$!
{
	archiveVersion = 1;
	classes = {
	};
	objectVersion = 50;
	objects = {

/* Begin PBXBuildFile section */
		4C46347424FFDF9500CFC02A /* DataLoader.swift in Sources */ = {isa = PBXBuildFile; fileRef = 4C46347324FFDF9500CFC02A /* DataLoader.swift */; };
		4C6555FB24FBB5E6002B180D /* AppDelegate.swift in Sources */ = {isa = PBXBuildFile; fileRef = 4C6555FA24FBB5E6002B180D /* AppDelegate.swift */; };
		4C6555FD24FBB5E6002B180D /* SceneDelegate.swift in Sources */ = {isa = PBXBuildFile; fileRef = 4C6555FC24FBB5E6002B180D /* SceneDelegate.swift */; };
		4C6555FF24FBB5E6002B180D /* FirstScreenViewController.swift in Sources */ = {isa = PBXBuildFile; fileRef = 4C6555FE24FBB5E6002B180D /* FirstScreenViewController.swift */; };
		4C65560224FBB5E6002B180D /* Main.storyboard in Resources */ = {isa = PBXBuildFile; fileRef = 4C65560024FBB5E6002B180D /* Main.storyboard */; };
		4C65560424FBB5E7002B180D /* Assets.xcassets in Resources */ = {isa = PBXBuildFile; fileRef = 4C65560324FBB5E7002B180D /* Assets.xcassets */; };
		4C65560724FBB5E7002B180D /* LaunchScreen.storyboard in Resources */ = {isa = PBXBuildFile; fileRef = 4C65560524FBB5E7002B180D /* LaunchScreen.storyboard */; };
		4C65560F24FBCC4A002B180D /* BookCell.swift in Sources */ = {isa = PBXBuildFile; fileRef = 4C65560E24FBCC4A002B180D /* BookCell.swift */; };
		4CB4E8F924FE71FD00B06BC8 /* jsonData.json in Resources */ = {isa = PBXBuildFile; fileRef = 4CB4E8F824FE71FD00B06BC8 /* jsonData.json */; };
		4CB4E8FB24FEAFE600B06BC8 /* DataModel.swift in Sources */ = {isa = PBXBuildFile; fileRef = 4CB4E8FA24FEAFE600B06BC8 /* DataModel.swift */; };
		4CB4E8FF24FF183900B06BC8 /* DetailsScreenViewController.swift in Sources */ = {isa = PBXBuildFile; fileRef = 4CB4E8FE24FF183900B06BC8 /* DetailsScreenViewController.swift */; };
/* End PBXBuildFile section */

/* Begin PBXFileReference section */
		4C46347324FFDF9500CFC02A /* DataLoader.swift */ = {isa = PBXFileReference; lastKnownFileType = sourcecode.swift; path = DataLoader.swift; sourceTree = "<group>"; };
		4C6555F724FBB5E6002B180D /* BlinkistApp.app */ = {isa = PBXFileReference; explicitFileType = wrapper.application; includeInIndex = 0; path = BlinkistApp.app; sourceTree = BUILT_PRODUCTS_DIR; };
		4C6555FA24FBB5E6002B180D /* AppDelegate.swift */ = {isa = PBXFileReference; lastKnownFileType = sourcecode.swift; path = AppDelegate.swift; sourceTree = "<group>"; };
		4C6555FC24FBB5E6002B180D /* SceneDelegate.swift */ = {isa = PBXFileReference; lastKnownFileType = sourcecode.swift; path = SceneDelegate.swift; sourceTree = "<group>"; };
		4C6555FE24FBB5E6002B180D /* FirstScreenViewController.swift */ = {isa = PBXFileReference; lastKnownFileType = sourcecode.swift; path = FirstScreenViewController.swift; sourceTree = "<group>"; };
		4C65560124FBB5E6002B180D /* Base */ = {isa = PBXFileReference; lastKnownFileType = file.storyboard; name = Base; path = Base.lproj/Main.storyboard; sourceTree = "<group>"; };
		4C65560324FBB5E7002B180D /* Assets.xcassets */ = {isa = PBXFileReference; lastKnownFileType = folder.assetcatalog; path = Assets.xcassets; sourceTree = "<group>"; };
		4C65560624FBB5E7002B180D /* Base */ = {isa = PBXFileReference; lastKnownFileType = file.storyboard; name = Base; path = Base.lproj/LaunchScreen.storyboard; sourceTree = "<group>"; };
		4C65560824FBB5E7002B180D /* Info.plist */ = {isa = PBXFileReference; lastKnownFileType = text.plist.xml; path = Info.plist; sourceTree = "<group>"; };
		4C65560E24FBCC4A002B180D /* BookCell.swift */ = {isa = PBXFileReference; lastKnownFileType = sourcecode.swift; path = BookCell.swift; sourceTree = "<group>"; };
		4CB4E8F824FE71FD00B06BC8 /* jsonData.json */ = {isa = PBXFileReference; fileEncoding = 4; lastKnownFileType = text.json; path = jsonData.json; sourceTree = "<group>"; };
		4CB4E8FA24FEAFE600B06BC8 /* DataModel.swift */ = {isa = PBXFileReference; lastKnownFileType = sourcecode.swift; path = DataModel.swift; sourceTree = "<group>"; };
		4CB4E8FE24FF183900B06BC8 /* DetailsScreenViewController.swift */ = {isa = PBXFileReference; lastKnownFileType = sourcecode.swift; path = DetailsScreenViewController.swift; sourceTree = "<group>"; };
/* End PBXFileReference section */

/* Begin PBXFrameworksBuildPhase section */
		4C6555F424FBB5E6002B180D /* Frameworks */ = {
			isa = PBXFrameworksBuildPhase;
			buildActionMask = 2147483647;
			files = (
			);
			runOnlyForDeploymentPostprocessing = 0;
		};
/* End PBXFrameworksBuildPhase section */

/* Begin PBXGroup section */
		4C6555EE24FBB5E6002B180D = {
			isa = PBXGroup;
			children = (
				4C6555F924FBB5E6002B180D /* BlinkistApp */,
				4C6555F824FBB5E6002B180D /* Products */,
			);
			sourceTree = "<group>";
		};
		4C6555F824FBB5E6002B180D /* Products */ = {
			isa = PBXGroup;
			children = (
				4C6555F724FBB5E6002B180D /* BlinkistApp.app */,
			);
			name = Products;
			sourceTree = "<group>";
		};
		4C6555F924FBB5E6002B180D /* BlinkistApp */ = {
			isa = PBXGroup;
			children = (
				4C6555FA24FBB5E6002B180D /* AppDelegate.swift */,
				4C6555FC24FBB5E6002B180D /* SceneDelegate.swift */,
				4C6555FE24FBB5E6002B180D /* FirstScreenViewController.swift */,
				4CB4E8F824FE71FD00B06BC8 /* jsonData.json */,
				4C65560024FBB5E6002B180D /* Main.storyboard */,
				4CB4E8FE24FF183900B06BC8 /* DetailsScreenViewController.swift */,
				4C65560E24FBCC4A002B180D /* BookCell.swift */,
				4CB4E8FA24FEAFE600B06BC8 /* DataModel.swift */,
				4C46347324FFDF9500CFC02A /* DataLoader.swift */,
				4C65560324FBB5E7002B180D /* Assets.xcassets */,
				4C65560524FBB5E7002B180D /* LaunchScreen.storyboard */,
				4C65560824FBB5E7002B180D /* Info.plist */,
			);
			path = BlinkistApp;
			sourceTree = "<group>";
		};
/* End PBXGroup section */

/* Begin PBXNativeTarget section */
		4C6555F624FBB5E6002B180D /* BlinkistApp */ = {
			isa = PBXNativeTarget;
			buildConfigurationList = 4C65560B24FBB5E7002B180D /* Build configuration list for PBXNativeTarget "BlinkistApp" */;
			buildPhases = (
				4C6555F324FBB5E6002B180D /* Sources */,
				4C6555F424FBB5E6002B180D /* Frameworks */,
				4C6555F524FBB5E6002B180D /* Resources */,
			);
			buildRules = (
			);
			dependencies = (
			);
			name = BlinkistApp;
			productName = BlinkistApp;
			productReference = 4C6555F724FBB5E6002B180D /* BlinkistApp.app */;
			productType = "com.apple.product-type.application";
		};
/* End PBXNativeTarget section */

/* Begin PBXProject section */
		4C6555EF24FBB5E6002B180D /* Project object */ = {
			isa = PBXProject;
			attributes = {
				LastSwiftUpdateCheck = 1160;
				LastUpgradeCheck = 1160;
				ORGANIZATIONNAME = "";
				TargetAttributes = {
					4C6555F624FBB5E6002B180D = {
						CreatedOnToolsVersion = 11.6;
					};
				};
			};
			buildConfigurationList = 4C6555F224FBB5E6002B180D /* Build configuration list for PBXProject "BlinkistApp" */;
			compatibilityVersion = "Xcode 9.3";
			developmentRegion = en;
			hasScannedForEncodings = 0;
			knownRegions = (
				en,
				Base,
			);
			mainGroup = 4C6555EE24FBB5E6002B180D;
			productRefGroup = 4C6555F824FBB5E6002B180D /* Products */;
			projectDirPath = "";
			projectRoot = "";
			targets = (
				4C6555F624FBB5E6002B180D /* BlinkistApp */,
			);
		};
/* End PBXProject section */

/* Begin PBXResourcesBuildPhase section */
		4C6555F524FBB5E6002B180D /* Resources */ = {
			isa = PBXResourcesBuildPhase;
			buildActionMask = 2147483647;
			files = (
				4C65560724FBB5E7002B180D /* LaunchScreen.storyboard in Resources */,
				4CB4E8F924FE71FD00B06BC8 /* jsonData.json in Resources */,
				4C65560424FBB5E7002B180D /* Assets.xcassets in Resources */,
				4C65560224FBB5E6002B180D /* Main.storyboard in Resources */,
			);
			runOnlyForDeploymentPostprocessing = 0;
		};
/* End PBXResourcesBuildPhase section */

/* Begin PBXSourcesBuildPhase section */
		4C6555F324FBB5E6002B180D /* Sources */ = {
			isa = PBXSourcesBuildPhase;
			buildActionMask = 2147483647;
			files = (
				4CB4E8FB24FEAFE600B06BC8 /* DataModel.swift in Sources */,
				4C65560F24FBCC4A002B180D /* BookCell.swift in Sources */,
				4C46347424FFDF9500CFC02A /* DataLoader.swift in Sources */,
				4C6555FF24FBB5E6002B180D /* FirstScreenViewController.swift in Sources */,
				4CB4E8FF24FF183900B06BC8 /* DetailsScreenViewController.swift in Sources */,
				4C6555FB24FBB5E6002B180D /* AppDelegate.swift in Sources */,
				4C6555FD24FBB5E6002B180D /* SceneDelegate.swift in Sources */,
			);
			runOnlyForDeploymentPostprocessing = 0;
		};
/* End PBXSourcesBuildPhase section */

/* Begin PBXVariantGroup section */
		4C65560024FBB5E6002B180D /* Main.storyboard */ = {
			isa = PBXVariantGroup;
			children = (
				4C65560124FBB5E6002B180D /* Base */,
			);
			name = Main.storyboard;
			sourceTree = "<group>";
		};
		4C65560524FBB5E7002B180D /* LaunchScreen.storyboard */ = {
			isa = PBXVariantGroup;
			children = (
				4C65560624FBB5E7002B180D /* Base */,
			);
			name = LaunchScreen.storyboard;
			sourceTree = "<group>";
		};
/* End PBXVariantGroup section */

/* Begin XCBuildConfiguration section */
		4C65560924FBB5E7002B180D /* Debug */ = {
			isa = XCBuildConfiguration;
			buildSettings = {
				ALWAYS_SEARCH_USER_PATHS = NO;
				CLANG_ANALYZER_NONNULL = YES;
				CLANG_ANALYZER_NUMBER_OBJECT_CONVERSION = YES_AGGRESSIVE;
				CLANG_CXX_LANGUAGE_STANDARD = "gnu++14";
				CLANG_CXX_LIBRARY = "libc++";
				CLANG_ENABLE_MODULES = YES;
				CLANG_ENABLE_OBJC_ARC = YES;
				CLANG_ENABLE_OBJC_WEAK = YES;
				CLANG_WARN_BLOCK_CAPTURE_AUTORELEASING = YES;
				CLANG_WARN_BOOL_CONVERSION = YES;
				CLANG_WARN_COMMA = YES;
				CLANG_WARN_CONSTANT_CONVERSION = YES;
				CLANG_WARN_DEPRECATED_OBJC_IMPLEMENTATIONS = YES;
				CLANG_WARN_DIRECT_OBJC_ISA_USAGE = YES_ERROR;
				CLANG_WARN_DOCUMENTATION_COMMENTS = YES;
				CLANG_WARN_EMPTY_BODY = YES;
				CLANG_WARN_ENUM_CONVERSION = YES;
				CLANG_WARN_INFINITE_RECURSION = YES;
				CLANG_WARN_INT_CONVERSION = YES;
				CLANG_WARN_NON_LITERAL_NULL_CONVERSION = YES;
				CLANG_WARN_OBJC_IMPLICIT_RETAIN_SELF = YES;
				CLANG_WARN_OBJC_LITERAL_CONVERSION = YES;
				CLANG_WARN_OBJC_ROOT_CLASS = YES_ERROR;
				CLANG_WARN_RANGE_LOOP_ANALYSIS = YES;
				CLANG_WARN_STRICT_PROTOTYPES = YES;
				CLANG_WARN_SUSPICIOUS_MOVE = YES;
				CLANG_WARN_UNGUARDED_AVAILABILITY = YES_AGGRESSIVE;
				CLANG_WARN_UNREACHABLE_CODE = YES;
				CLANG_WARN__DUPLICATE_METHOD_MATCH = YES;
				COPY_PHASE_STRIP = NO;
				DEBUG_INFORMATION_FORMAT = dwarf;
				ENABLE_STRICT_OBJC_MSGSEND = YES;
				ENABLE_TESTABILITY = YES;
				GCC_C_LANGUAGE_STANDARD = gnu11;
				GCC_DYNAMIC_NO_PIC = NO;
				GCC_NO_COMMON_BLOCKS = YES;
				GCC_OPTIMIZATION_LEVEL = 0;
				GCC_PREPROCESSOR_DEFINITIONS = (
					"DEBUG=1",
					"$(inherited)",
				);
				GCC_WARN_64_TO_32_BIT_CONVERSION = YES;
				GCC_WARN_ABOUT_RETURN_TYPE = YES_ERROR;
				GCC_WARN_UNDECLARED_SELECTOR = YES;
				GCC_WARN_UNINITIALIZED_AUTOS = YES_AGGRESSIVE;
				GCC_WARN_UNUSED_FUNCTION = YES;
				GCC_WARN_UNUSED_VARIABLE = YES;
				IPHONEOS_DEPLOYMENT_TARGET = 13.0;
				MTL_ENABLE_DEBUG_INFO = INCLUDE_SOURCE;
				MTL_FAST_MATH = YES;
				ONLY_ACTIVE_ARCH = YES;
				SDKROOT = iphoneos;
				SWIFT_ACTIVE_COMPILATION_CONDITIONS = DEBUG;
				SWIFT_OPTIMIZATION_LEVEL = "-Onone";
			};
			name = Debug;
		};
		4C65560A24FBB5E7002B180D /* Release */ = {
			isa = XCBuildConfiguration;
			buildSettings = {
				ALWAYS_SEARCH_USER_PATHS = NO;
				CLANG_ANALYZER_NONNULL = YES;
				CLANG_ANALYZER_NUMBER_OBJECT_CONVERSION = YES_AGGRESSIVE;
				CLANG_CXX_LANGUAGE_STANDARD = "gnu++14";
				CLANG_CXX_LIBRARY = "libc++";
				CLANG_ENABLE_MODULES = YES;
				CLANG_ENABLE_OBJC_ARC = YES;
				CLANG_ENABLE_OBJC_WEAK = YES;
				CLANG_WARN_BLOCK_CAPTURE_AUTORELEASING = YES;
				CLANG_WARN_BOOL_CONVERSION = YES;
				CLANG_WARN_COMMA = YES;
				CLANG_WARN_CONSTANT_CONVERSION = YES;
				CLANG_WARN_DEPRECATED_OBJC_IMPLEMENTATIONS = YES;
				CLANG_WARN_DIRECT_OBJC_ISA_USAGE = YES_ERROR;
				CLANG_WARN_DOCUMENTATION_COMMENTS = YES;
				CLANG_WARN_EMPTY_BODY = YES;
				CLANG_WARN_ENUM_CONVERSION = YES;
				CLANG_WARN_INFINITE_RECURSION = YES;
				CLANG_WARN_INT_CONVERSION = YES;
				CLANG_WARN_NON_LITERAL_NULL_CONVERSION = YES;
				CLANG_WARN_OBJC_IMPLICIT_RETAIN_SELF = YES;
				CLANG_WARN_OBJC_LITERAL_CONVERSION = YES;
				CLANG_WARN_OBJC_ROOT_CLASS = YES_ERROR;
				CLANG_WARN_RANGE_LOOP_ANALYSIS = YES;
				CLANG_WARN_STRICT_PROTOTYPES = YES;
				CLANG_WARN_SUSPICIOUS_MOVE = YES;
				CLANG_WARN_UNGUARDED_AVAILABILITY = YES_AGGRESSIVE;
				CLANG_WARN_UNREACHABLE_CODE = YES;
				CLANG_WARN__DUPLICATE_METHOD_MATCH = YES;
				COPY_PHASE_STRIP = NO;
				DEBUG_INFORMATION_FORMAT = "dwarf-with-dsym";
				ENABLE_NS_ASSERTIONS = NO;
				ENABLE_STRICT_OBJC_MSGSEND = YES;
				GCC_C_LANGUAGE_STANDARD = gnu11;
				GCC_NO_COMMON_BLOCKS = YES;
				GCC_WARN_64_TO_32_BIT_CONVERSION = YES;
				GCC_WARN_ABOUT_RETURN_TYPE = YES_ERROR;
				GCC_WARN_UNDECLARED_SELECTOR = YES;
				GCC_WARN_UNINITIALIZED_AUTOS = YES_AGGRESSIVE;
				GCC_WARN_UNUSED_FUNCTION = YES;
				GCC_WARN_UNUSED_VARIABLE = YES;
				IPHONEOS_DEPLOYMENT_TARGET = 13.0;
				MTL_ENABLE_DEBUG_INFO = NO;
				MTL_FAST_MATH = YES;
				SDKROOT = iphoneos;
				SWIFT_COMPILATION_MODE = wholemodule;
				SWIFT_OPTIMIZATION_LEVEL = "-O";
				VALIDATE_PRODUCT = YES;
			};
			name = Release;
		};
		4C65560C24FBB5E7002B180D /* Debug */ = {
			isa = XCBuildConfiguration;
			buildSettings = {
				ASSETCATALOG_COMPILER_APPICON_NAME = AppIcon;
				CODE_SIGN_STYLE = Automatic;
				DEVELOPMENT_TEAM = WR337SJ655;
				INFOPLIST_FILE = BlinkistApp/Info.plist;
				LD_RUNPATH_SEARCH_PATHS = (
					"$(inherited)",
					"@executable_path/Frameworks",
				);
				PRODUCT_BUNDLE_IDENTIFIER = com.fola.BlinkistApp;
				PRODUCT_NAME = "$(TARGET_NAME)";
				SWIFT_VERSION = 5.0;
				TARGETED_DEVICE_FAMILY = "1,2";
			};
			name = Debug;
		};
		4C65560D24FBB5E7002B180D /* Release */ = {
			isa = XCBuildConfiguration;
			buildSettings = {
				ASSETCATALOG_COMPILER_APPICON_NAME = AppIcon;
				CODE_SIGN_STYLE = Automatic;
				DEVELOPMENT_TEAM = WR337SJ655;
				INFOPLIST_FILE = BlinkistApp/Info.plist;
				LD_RUNPATH_SEARCH_PATHS = (
					"$(inherited)",
					"@executable_path/Frameworks",
				);
				PRODUCT_BUNDLE_IDENTIFIER = com.fola.BlinkistApp;
				PRODUCT_NAME = "$(TARGET_NAME)";
				SWIFT_VERSION = 5.0;
				TARGETED_DEVICE_FAMILY = "1,2";
			};
			name = Release;
		};
/* End XCBuildConfiguration section */

/* Begin XCConfigurationList section */
		4C6555F224FBB5E6002B180D /* Build configuration list for PBXProject "BlinkistApp" */ = {
			isa = XCConfigurationList;
			buildConfigurations = (
				4C65560924FBB5E7002B180D /* Debug */,
				4C65560A24FBB5E7002B180D /* Release */,
			);
			defaultConfigurationIsVisible = 0;
			defaultConfigurationName = Release;
		};
		4C65560B24FBB5E7002B180D /* Build configuration list for PBXNativeTarget "BlinkistApp" */ = {
			isa = XCConfigurationList;
			buildConfigurations = (
				4C65560C24FBB5E7002B180D /* Debug */,
				4C65560D24FBB5E7002B180D /* Release */,
			);
			defaultConfigurationIsVisible = 0;
			defaultConfigurationName = Release;
		};
/* End XCConfigurationList section */
	};
	rootObject = 4C6555EF24FBB5E6002B180D /* Project object */;
}
